
Microsoft Visual Studio Solution File, Format Version 12.00
# Visual Studio Version 16
VisualStudioVersion = 16.0.31702.278
MinimumVisualStudioVersion = 10.0.40219.1
Project("{FAE04EC0-301F-11D3-BF4B-00C04F79EFBC}") = "NewWebRTCBackend", "NewWebRTCBackend.csproj", "{059403AD-EEDA-4F85-A2DE-0EAF6F9CF21A}"
EndProject
Global
	GlobalSection(SolutionConfigurationPlatforms) = preSolution
		Debug|Any CPU = Debug|Any CPU
		Release|Any CPU = Release|Any CPU
	EndGlobalSection
	GlobalSection(ProjectConfigurationPlatforms) = postSolution
		{059403AD-EEDA-4F85-A2DE-0EAF6F9CF21A}.Debug|Any CPU.ActiveCfg = Debug|Any CPU
		{059403AD-EEDA-4F85-A2DE-0EAF6F9CF21A}.Debug|Any CPU.Build.0 = Debug|Any CPU
		{059403AD-EEDA-4F85-A2DE-0EAF6F9CF21A}.Release|Any CPU.ActiveCfg = Release|Any CPU
		{059403AD-EEDA-4F85-A2DE-0EAF6F9CF21A}.Release|Any CPU.Build.0 = Release|Any CPU
	EndGlobalSection
	GlobalSection(SolutionProperties) = preSolution
		HideSolutionNode = FALSE
	EndGlobalSection
	GlobalSection(ExtensibilityGlobals) = postSolution
		SolutionGuid = {46A8F0B2-107A-45A9-B985-46FA82066895}
	EndGlobalSection
EndGlobal
